
Microsoft Visual Studio Solution File, Format Version 12.00
# Visual Studio Version 16
VisualStudioVersion = 16.0.28803.352
MinimumVisualStudioVersion = 10.0.40219.1
Project("{9A19103F-16F7-4668-BE54-9A1E7A4F7556}") = "ModMash", "ModMash\ModMash.csproj", "{B12B9BCA-7E2B-44BF-B9F9-1D157EE87C83}"
EndProject
Project("{9A19103F-16F7-4668-BE54-9A1E7A4F7556}") = "Spaghetti", "Spaghetti\Spaghetti.csproj", "{C9B3A206-0FCB-4A92-85AD-88173A7144F2}"
EndProject
Project("{9A19103F-16F7-4668-BE54-9A1E7A4F7556}") = "Coffee", "Coffee\Coffee.csproj", "{402783C8-F16A-4EC4-B3CA-6FED47F3822F}"
EndProject
Project("{FAE04EC0-301F-11D3-BF4B-00C04F79EFBC}") = "MiniNukes", "MiniNukes\MiniNukes.csproj", "{B0087E30-7492-4FC9-BA5A-5FB00E281E9D}"
EndProject
Global
	GlobalSection(SolutionConfigurationPlatforms) = preSolution
		Debug|Any CPU = Debug|Any CPU
		Release|Any CPU = Release|Any CPU
	EndGlobalSection
	GlobalSection(ProjectConfigurationPlatforms) = postSolution
		{B12B9BCA-7E2B-44BF-B9F9-1D157EE87C83}.Debug|Any CPU.ActiveCfg = Debug|Any CPU
		{B12B9BCA-7E2B-44BF-B9F9-1D157EE87C83}.Debug|Any CPU.Build.0 = Debug|Any CPU
		{B12B9BCA-7E2B-44BF-B9F9-1D157EE87C83}.Release|Any CPU.ActiveCfg = Release|Any CPU
		{B12B9BCA-7E2B-44BF-B9F9-1D157EE87C83}.Release|Any CPU.Build.0 = Release|Any CPU
		{C9B3A206-0FCB-4A92-85AD-88173A7144F2}.Debug|Any CPU.ActiveCfg = Debug|Any CPU
		{C9B3A206-0FCB-4A92-85AD-88173A7144F2}.Debug|Any CPU.Build.0 = Debug|Any CPU
		{C9B3A206-0FCB-4A92-85AD-88173A7144F2}.Release|Any CPU.ActiveCfg = Release|Any CPU
		{C9B3A206-0FCB-4A92-85AD-88173A7144F2}.Release|Any CPU.Build.0 = Release|Any CPU
		{402783C8-F16A-4EC4-B3CA-6FED47F3822F}.Debug|Any CPU.ActiveCfg = Debug|Any CPU
		{402783C8-F16A-4EC4-B3CA-6FED47F3822F}.Debug|Any CPU.Build.0 = Debug|Any CPU
		{402783C8-F16A-4EC4-B3CA-6FED47F3822F}.Release|Any CPU.ActiveCfg = Release|Any CPU
		{402783C8-F16A-4EC4-B3CA-6FED47F3822F}.Release|Any CPU.Build.0 = Release|Any CPU
		{B0087E30-7492-4FC9-BA5A-5FB00E281E9D}.Debug|Any CPU.ActiveCfg = Debug|Any CPU
		{B0087E30-7492-4FC9-BA5A-5FB00E281E9D}.Debug|Any CPU.Build.0 = Debug|Any CPU
		{B0087E30-7492-4FC9-BA5A-5FB00E281E9D}.Release|Any CPU.ActiveCfg = Release|Any CPU
		{B0087E30-7492-4FC9-BA5A-5FB00E281E9D}.Release|Any CPU.Build.0 = Release|Any CPU
	EndGlobalSection
	GlobalSection(SolutionProperties) = preSolution
		HideSolutionNode = FALSE
	EndGlobalSection
	GlobalSection(ExtensibilityGlobals) = postSolution
		SolutionGuid = {B16926D6-3B1B-4B40-9225-A9261A0E28AD}
	EndGlobalSection
EndGlobal
