
Microsoft Visual Studio Solution File, Format Version 12.00
# Visual Studio Version 16
VisualStudioVersion = 16.0.28803.352
MinimumVisualStudioVersion = 10.0.40219.1
Project("{9A19103F-16F7-4668-BE54-9A1E7A4F7556}") = "ModMash", "ModMash\ModMash.csproj", "{B12B9BCA-7E2B-44BF-B9F9-1D157EE87C83}"
EndProject
Project("{9A19103F-16F7-4668-BE54-9A1E7A4F7556}") = "Spaghetti", "Spaghetti\Spaghetti.csproj", "{C9B3A206-0FCB-4A92-85AD-88173A7144F2}"
EndProject
Project("{9A19103F-16F7-4668-BE54-9A1E7A4F7556}") = "Coffee", "Coffee\Coffee.csproj", "{402783C8-F16A-4EC4-B3CA-6FED47F3822F}"
EndProject
Project("{9A19103F-16F7-4668-BE54-9A1E7A4F7556}") = "MiniNukes", "MiniNukes\MiniNukes.csproj", "{B0087E30-7492-4FC9-BA5A-5FB00E281E9D}"
EndProject
Project("{9A19103F-16F7-4668-BE54-9A1E7A4F7556}") = "Wiki", "Wiki\Wiki.csproj", "{D040888B-327F-470D-8917-491B4082751D}"
EndProject
Project("{9A19103F-16F7-4668-BE54-9A1E7A4F7556}") = "ModMashGraphics", "ModMashGraphics\ModMashGraphics.csproj", "{6D5A2D31-2A67-4820-B99F-B8B77EF94FB4}"
EndProject
Project("{9A19103F-16F7-4668-BE54-9A1E7A4F7556}") = "Liborio", "Liborio\Liborio.csproj", "{495DE997-DF79-4654-88EE-A6D2FD276A14}"
EndProject
Project("{FAE04EC0-301F-11D3-BF4B-00C04F79EFBC}") = "HeroTurrets", "HeroTurrets\HeroTurrets.csproj", "{7F8A37A4-39BB-48B9-8097-EB10850DC1FE}"
EndProject
Project("{2150E333-8FDC-42A3-9474-1A3956D46DE8}") = "Splinter", "Splinter", "{D7B0BC2C-CCC1-48E9-8025-CD4E2632FF8C}"
EndProject
Project("{9A19103F-16F7-4668-BE54-9A1E7A4F7556}") = "ModMashSplinterAirPurifier", "ModMashSplinterAirPurifier\ModMashSplinterAirPurifier.csproj", "{D95EC89D-B6A0-4835-8249-146983E5AEF0}"
EndProject
Project("{9A19103F-16F7-4668-BE54-9A1E7A4F7556}") = "ModMashSplinter", "ModMashSplinter\ModMashSplinter.csproj", "{444E3A87-0761-4D67-985A-7962360A2EE6}"
EndProject
Project("{9A19103F-16F7-4668-BE54-9A1E7A4F7556}") = "ModMashSplinterRefinement", "ModMashSplinterRefinement\ModMashSplinterRefinement.csproj", "{7A3D5BCB-3002-4B92-82C0-33C5BF1B75A8}"
EndProject
Project("{9A19103F-16F7-4668-BE54-9A1E7A4F7556}") = "ModMashSplinterAssembling", "ModMashSplinterAssembling\ModMashSplinterAssembling.csproj", "{B424ECBF-E14C-4128-B362-4EEE70C5417A}"
EndProject
Project("{9A19103F-16F7-4668-BE54-9A1E7A4F7556}") = "ModMashSplinterLogistics", "ModMashSplinterLogistics\ModMashSplinterLogistics.csproj", "{41ACF14B-E4E3-4AE6-A9F6-1BFF922B3562}"
EndProject
Project("{9A19103F-16F7-4668-BE54-9A1E7A4F7556}") = "ModMashSpinterValkyries", "ModMashSpinterValkyries\ModMashSpinterValkyries.csproj", "{1F784602-0096-4CD5-8BB4-087D695A888A}"
EndProject
Project("{9A19103F-16F7-4668-BE54-9A1E7A4F7556}") = "ModMashSplinterRegenerativeTech", "ModMashSplinterRegenerativeTech\ModMashSplinterRegenerativeTech.csproj", "{92C7C3AD-C552-4E0B-8D52-E2CAB7C66050}"
EndProject
Project("{9A19103F-16F7-4668-BE54-9A1E7A4F7556}") = "ModMashSplinterUnderground", "ModMashSplinterUnderground\ModMashSplinterUnderground.csproj", "{414E0E06-6B63-4D86-B9E0-FAA2F21D74AE}"
EndProject
Project("{9A19103F-16F7-4668-BE54-9A1E7A4F7556}") = "ModMashSplinterBoom", "ModMashSplinterBoom\ModMashSplinterBoom.csproj", "{BAA288FF-8A06-4E28-8F23-F2305A52F394}"
EndProject
Project("{9A19103F-16F7-4668-BE54-9A1E7A4F7556}") = "ModMashSplinterLoot", "ModMashSplinterLoot\ModMashSplinterLoot.csproj", "{27D00582-C8F9-4DD2-A642-5ADBB9843DD2}"
EndProject
Project("{9A19103F-16F7-4668-BE54-9A1E7A4F7556}") = "ModMashSplinterEnrichment", "ModMashSplinterEnrichment\ModMashSplinterEnrichment.csproj", "{498DECFA-4B51-46EE-BB12-ADAB98693A69}"
EndProject
Project("{9A19103F-16F7-4668-BE54-9A1E7A4F7556}") = "ModMashSplinterElectronics", "ModMashSplinterElectronics\ModMashSplinterElectronics.csproj", "{B8868D6D-51A9-4A29-8570-754969A3F421}"
EndProject
Project("{9A19103F-16F7-4668-BE54-9A1E7A4F7556}") = "ModMashSplinterResources", "ModMashSplinterResources\ModMashSplinterResources.csproj", "{C6402AC1-C86C-4018-BB58-A78393077EB9}"
EndProject
Project("{9A19103F-16F7-4668-BE54-9A1E7A4F7556}") = "ModMashSplinterFishing", "ModMashSplinterFishing\ModMashSplinterFishing.csproj", "{39E93DAA-BBF8-4D59-8C2D-C09284FFAFFC}"
EndProject
Project("{9A19103F-16F7-4668-BE54-9A1E7A4F7556}") = "ModMashSplinterFluid", "ModMashSplinterFluid\ModMashSplinterFluid.csproj", "{C886E7C2-6E72-4906-A606-E71995C74AA8}"
EndProject
Project("{9A19103F-16F7-4668-BE54-9A1E7A4F7556}") = "ModMashSplinterRecycling", "ModMashSplinterRecycling\ModMashSplinterRecycling.csproj", "{47D4FFFB-89C3-447F-9FC4-914219BBBC79}"
EndProject
Project("{9A19103F-16F7-4668-BE54-9A1E7A4F7556}") = "ModMashSplinterDefense", "ModMashSplinterDefense\ModMashSplinterDefense.csproj", "{893D74A1-A503-4FE1-882A-CABA47A66780}"
EndProject
Project("{9A19103F-16F7-4668-BE54-9A1E7A4F7556}") = "ModMashSplinterSubspaceLogistics", "ModMashSplinterSubspaceLogistics\ModMashSplinterSubspaceLogistics.csproj", "{5A4CAD4D-D8A3-48D3-A296-C0A6ABD3872E}"
EndProject
Project("{2150E333-8FDC-42A3-9474-1A3956D46DE8}") = "Web", "Web", "{B3BA1155-9461-45D6-B6E3-B59799804573}"
	ProjectSection(SolutionItems) = preProject
		bottom.txt = bottom.txt
		sections.txt = sections.txt
		top.txt = top.txt
	EndProjectSection
EndProject
Project("{9A19103F-16F7-4668-BE54-9A1E7A4F7556}") = "ModMashSplinterNewWorlds", "ModMashSplinerNewWorlds\ModMashSplinterNewWorlds.csproj", "{25959771-ACF5-4AFF-B79F-137D61D58977}"
EndProject
Project("{9A19103F-16F7-4668-BE54-9A1E7A4F7556}") = "ModMashSplinterExplosiveMining", "ModMashSplinterExplosiveMining\ModMashSplinterExplosiveMining.csproj", "{DF6610C6-B562-4741-A436-517F894DCBE6}"
EndProject
Project("{9A19103F-16F7-4668-BE54-9A1E7A4F7556}") = "ModMashSplinterThem", "ModMashSplinterThem\ModMashSplinterThem.csproj", "{EC3DEF95-FC0B-4312-A9A9-0A26ACD01B47}"
EndProject
Project("{FAE04EC0-301F-11D3-BF4B-00C04F79EFBC}") = "ModMashSplinterGold", "ModMashSplinterGold\ModMashSplinterGold.csproj", "{92647530-B92D-4B65-B53E-B35AF88DA34B}"
EndProject
Global
	GlobalSection(SolutionConfigurationPlatforms) = preSolution
		Debug|Any CPU = Debug|Any CPU
		Release|Any CPU = Release|Any CPU
	EndGlobalSection
	GlobalSection(ProjectConfigurationPlatforms) = postSolution
		{B12B9BCA-7E2B-44BF-B9F9-1D157EE87C83}.Debug|Any CPU.ActiveCfg = Debug|Any CPU
		{B12B9BCA-7E2B-44BF-B9F9-1D157EE87C83}.Debug|Any CPU.Build.0 = Debug|Any CPU
		{B12B9BCA-7E2B-44BF-B9F9-1D157EE87C83}.Release|Any CPU.ActiveCfg = Release|Any CPU
		{B12B9BCA-7E2B-44BF-B9F9-1D157EE87C83}.Release|Any CPU.Build.0 = Release|Any CPU
		{C9B3A206-0FCB-4A92-85AD-88173A7144F2}.Debug|Any CPU.ActiveCfg = Debug|Any CPU
		{C9B3A206-0FCB-4A92-85AD-88173A7144F2}.Debug|Any CPU.Build.0 = Debug|Any CPU
		{C9B3A206-0FCB-4A92-85AD-88173A7144F2}.Release|Any CPU.ActiveCfg = Release|Any CPU
		{C9B3A206-0FCB-4A92-85AD-88173A7144F2}.Release|Any CPU.Build.0 = Release|Any CPU
		{402783C8-F16A-4EC4-B3CA-6FED47F3822F}.Debug|Any CPU.ActiveCfg = Debug|Any CPU
		{402783C8-F16A-4EC4-B3CA-6FED47F3822F}.Debug|Any CPU.Build.0 = Debug|Any CPU
		{402783C8-F16A-4EC4-B3CA-6FED47F3822F}.Release|Any CPU.ActiveCfg = Release|Any CPU
		{402783C8-F16A-4EC4-B3CA-6FED47F3822F}.Release|Any CPU.Build.0 = Release|Any CPU
		{B0087E30-7492-4FC9-BA5A-5FB00E281E9D}.Debug|Any CPU.ActiveCfg = Debug|Any CPU
		{B0087E30-7492-4FC9-BA5A-5FB00E281E9D}.Debug|Any CPU.Build.0 = Debug|Any CPU
		{B0087E30-7492-4FC9-BA5A-5FB00E281E9D}.Release|Any CPU.ActiveCfg = Release|Any CPU
		{B0087E30-7492-4FC9-BA5A-5FB00E281E9D}.Release|Any CPU.Build.0 = Release|Any CPU
		{D040888B-327F-470D-8917-491B4082751D}.Debug|Any CPU.ActiveCfg = Debug|Any CPU
		{D040888B-327F-470D-8917-491B4082751D}.Debug|Any CPU.Build.0 = Debug|Any CPU
		{D040888B-327F-470D-8917-491B4082751D}.Release|Any CPU.ActiveCfg = Release|Any CPU
		{D040888B-327F-470D-8917-491B4082751D}.Release|Any CPU.Build.0 = Release|Any CPU
		{6D5A2D31-2A67-4820-B99F-B8B77EF94FB4}.Debug|Any CPU.ActiveCfg = Debug|Any CPU
		{6D5A2D31-2A67-4820-B99F-B8B77EF94FB4}.Debug|Any CPU.Build.0 = Debug|Any CPU
		{6D5A2D31-2A67-4820-B99F-B8B77EF94FB4}.Release|Any CPU.ActiveCfg = Release|Any CPU
		{6D5A2D31-2A67-4820-B99F-B8B77EF94FB4}.Release|Any CPU.Build.0 = Release|Any CPU
		{495DE997-DF79-4654-88EE-A6D2FD276A14}.Debug|Any CPU.ActiveCfg = Debug|Any CPU
		{495DE997-DF79-4654-88EE-A6D2FD276A14}.Debug|Any CPU.Build.0 = Debug|Any CPU
		{495DE997-DF79-4654-88EE-A6D2FD276A14}.Release|Any CPU.ActiveCfg = Release|Any CPU
		{495DE997-DF79-4654-88EE-A6D2FD276A14}.Release|Any CPU.Build.0 = Release|Any CPU
		{7F8A37A4-39BB-48B9-8097-EB10850DC1FE}.Debug|Any CPU.ActiveCfg = Debug|Any CPU
		{7F8A37A4-39BB-48B9-8097-EB10850DC1FE}.Debug|Any CPU.Build.0 = Debug|Any CPU
		{7F8A37A4-39BB-48B9-8097-EB10850DC1FE}.Release|Any CPU.ActiveCfg = Release|Any CPU
		{7F8A37A4-39BB-48B9-8097-EB10850DC1FE}.Release|Any CPU.Build.0 = Release|Any CPU
		{D95EC89D-B6A0-4835-8249-146983E5AEF0}.Debug|Any CPU.ActiveCfg = Debug|Any CPU
		{D95EC89D-B6A0-4835-8249-146983E5AEF0}.Debug|Any CPU.Build.0 = Debug|Any CPU
		{D95EC89D-B6A0-4835-8249-146983E5AEF0}.Release|Any CPU.ActiveCfg = Release|Any CPU
		{D95EC89D-B6A0-4835-8249-146983E5AEF0}.Release|Any CPU.Build.0 = Release|Any CPU
		{444E3A87-0761-4D67-985A-7962360A2EE6}.Debug|Any CPU.ActiveCfg = Debug|Any CPU
		{444E3A87-0761-4D67-985A-7962360A2EE6}.Debug|Any CPU.Build.0 = Debug|Any CPU
		{444E3A87-0761-4D67-985A-7962360A2EE6}.Release|Any CPU.ActiveCfg = Release|Any CPU
		{444E3A87-0761-4D67-985A-7962360A2EE6}.Release|Any CPU.Build.0 = Release|Any CPU
		{7A3D5BCB-3002-4B92-82C0-33C5BF1B75A8}.Debug|Any CPU.ActiveCfg = Debug|Any CPU
		{7A3D5BCB-3002-4B92-82C0-33C5BF1B75A8}.Debug|Any CPU.Build.0 = Debug|Any CPU
		{7A3D5BCB-3002-4B92-82C0-33C5BF1B75A8}.Release|Any CPU.ActiveCfg = Release|Any CPU
		{7A3D5BCB-3002-4B92-82C0-33C5BF1B75A8}.Release|Any CPU.Build.0 = Release|Any CPU
		{B424ECBF-E14C-4128-B362-4EEE70C5417A}.Debug|Any CPU.ActiveCfg = Debug|Any CPU
		{B424ECBF-E14C-4128-B362-4EEE70C5417A}.Debug|Any CPU.Build.0 = Debug|Any CPU
		{B424ECBF-E14C-4128-B362-4EEE70C5417A}.Release|Any CPU.ActiveCfg = Release|Any CPU
		{B424ECBF-E14C-4128-B362-4EEE70C5417A}.Release|Any CPU.Build.0 = Release|Any CPU
		{41ACF14B-E4E3-4AE6-A9F6-1BFF922B3562}.Debug|Any CPU.ActiveCfg = Debug|Any CPU
		{41ACF14B-E4E3-4AE6-A9F6-1BFF922B3562}.Debug|Any CPU.Build.0 = Debug|Any CPU
		{41ACF14B-E4E3-4AE6-A9F6-1BFF922B3562}.Release|Any CPU.ActiveCfg = Release|Any CPU
		{41ACF14B-E4E3-4AE6-A9F6-1BFF922B3562}.Release|Any CPU.Build.0 = Release|Any CPU
		{1F784602-0096-4CD5-8BB4-087D695A888A}.Debug|Any CPU.ActiveCfg = Debug|Any CPU
		{1F784602-0096-4CD5-8BB4-087D695A888A}.Debug|Any CPU.Build.0 = Debug|Any CPU
		{1F784602-0096-4CD5-8BB4-087D695A888A}.Release|Any CPU.ActiveCfg = Release|Any CPU
		{1F784602-0096-4CD5-8BB4-087D695A888A}.Release|Any CPU.Build.0 = Release|Any CPU
		{92C7C3AD-C552-4E0B-8D52-E2CAB7C66050}.Debug|Any CPU.ActiveCfg = Debug|Any CPU
		{92C7C3AD-C552-4E0B-8D52-E2CAB7C66050}.Debug|Any CPU.Build.0 = Debug|Any CPU
		{92C7C3AD-C552-4E0B-8D52-E2CAB7C66050}.Release|Any CPU.ActiveCfg = Release|Any CPU
		{92C7C3AD-C552-4E0B-8D52-E2CAB7C66050}.Release|Any CPU.Build.0 = Release|Any CPU
		{414E0E06-6B63-4D86-B9E0-FAA2F21D74AE}.Debug|Any CPU.ActiveCfg = Debug|Any CPU
		{414E0E06-6B63-4D86-B9E0-FAA2F21D74AE}.Debug|Any CPU.Build.0 = Debug|Any CPU
		{414E0E06-6B63-4D86-B9E0-FAA2F21D74AE}.Release|Any CPU.ActiveCfg = Release|Any CPU
		{414E0E06-6B63-4D86-B9E0-FAA2F21D74AE}.Release|Any CPU.Build.0 = Release|Any CPU
		{BAA288FF-8A06-4E28-8F23-F2305A52F394}.Debug|Any CPU.ActiveCfg = Debug|Any CPU
		{BAA288FF-8A06-4E28-8F23-F2305A52F394}.Debug|Any CPU.Build.0 = Debug|Any CPU
		{BAA288FF-8A06-4E28-8F23-F2305A52F394}.Release|Any CPU.ActiveCfg = Release|Any CPU
		{BAA288FF-8A06-4E28-8F23-F2305A52F394}.Release|Any CPU.Build.0 = Release|Any CPU
		{27D00582-C8F9-4DD2-A642-5ADBB9843DD2}.Debug|Any CPU.ActiveCfg = Debug|Any CPU
		{27D00582-C8F9-4DD2-A642-5ADBB9843DD2}.Debug|Any CPU.Build.0 = Debug|Any CPU
		{27D00582-C8F9-4DD2-A642-5ADBB9843DD2}.Release|Any CPU.ActiveCfg = Release|Any CPU
		{27D00582-C8F9-4DD2-A642-5ADBB9843DD2}.Release|Any CPU.Build.0 = Release|Any CPU
		{498DECFA-4B51-46EE-BB12-ADAB98693A69}.Debug|Any CPU.ActiveCfg = Debug|Any CPU
		{498DECFA-4B51-46EE-BB12-ADAB98693A69}.Debug|Any CPU.Build.0 = Debug|Any CPU
		{498DECFA-4B51-46EE-BB12-ADAB98693A69}.Release|Any CPU.ActiveCfg = Release|Any CPU
		{498DECFA-4B51-46EE-BB12-ADAB98693A69}.Release|Any CPU.Build.0 = Release|Any CPU
		{B8868D6D-51A9-4A29-8570-754969A3F421}.Debug|Any CPU.ActiveCfg = Debug|Any CPU
		{B8868D6D-51A9-4A29-8570-754969A3F421}.Debug|Any CPU.Build.0 = Debug|Any CPU
		{B8868D6D-51A9-4A29-8570-754969A3F421}.Release|Any CPU.ActiveCfg = Release|Any CPU
		{B8868D6D-51A9-4A29-8570-754969A3F421}.Release|Any CPU.Build.0 = Release|Any CPU
		{C6402AC1-C86C-4018-BB58-A78393077EB9}.Debug|Any CPU.ActiveCfg = Debug|Any CPU
		{C6402AC1-C86C-4018-BB58-A78393077EB9}.Debug|Any CPU.Build.0 = Debug|Any CPU
		{C6402AC1-C86C-4018-BB58-A78393077EB9}.Release|Any CPU.ActiveCfg = Release|Any CPU
		{C6402AC1-C86C-4018-BB58-A78393077EB9}.Release|Any CPU.Build.0 = Release|Any CPU
		{39E93DAA-BBF8-4D59-8C2D-C09284FFAFFC}.Debug|Any CPU.ActiveCfg = Debug|Any CPU
		{39E93DAA-BBF8-4D59-8C2D-C09284FFAFFC}.Debug|Any CPU.Build.0 = Debug|Any CPU
		{39E93DAA-BBF8-4D59-8C2D-C09284FFAFFC}.Release|Any CPU.ActiveCfg = Release|Any CPU
		{39E93DAA-BBF8-4D59-8C2D-C09284FFAFFC}.Release|Any CPU.Build.0 = Release|Any CPU
		{C886E7C2-6E72-4906-A606-E71995C74AA8}.Debug|Any CPU.ActiveCfg = Debug|Any CPU
		{C886E7C2-6E72-4906-A606-E71995C74AA8}.Debug|Any CPU.Build.0 = Debug|Any CPU
		{C886E7C2-6E72-4906-A606-E71995C74AA8}.Release|Any CPU.ActiveCfg = Release|Any CPU
		{C886E7C2-6E72-4906-A606-E71995C74AA8}.Release|Any CPU.Build.0 = Release|Any CPU
		{47D4FFFB-89C3-447F-9FC4-914219BBBC79}.Debug|Any CPU.ActiveCfg = Debug|Any CPU
		{47D4FFFB-89C3-447F-9FC4-914219BBBC79}.Debug|Any CPU.Build.0 = Debug|Any CPU
		{47D4FFFB-89C3-447F-9FC4-914219BBBC79}.Release|Any CPU.ActiveCfg = Release|Any CPU
		{47D4FFFB-89C3-447F-9FC4-914219BBBC79}.Release|Any CPU.Build.0 = Release|Any CPU
		{893D74A1-A503-4FE1-882A-CABA47A66780}.Debug|Any CPU.ActiveCfg = Debug|Any CPU
		{893D74A1-A503-4FE1-882A-CABA47A66780}.Debug|Any CPU.Build.0 = Debug|Any CPU
		{893D74A1-A503-4FE1-882A-CABA47A66780}.Release|Any CPU.ActiveCfg = Release|Any CPU
		{893D74A1-A503-4FE1-882A-CABA47A66780}.Release|Any CPU.Build.0 = Release|Any CPU
		{5A4CAD4D-D8A3-48D3-A296-C0A6ABD3872E}.Debug|Any CPU.ActiveCfg = Debug|Any CPU
		{5A4CAD4D-D8A3-48D3-A296-C0A6ABD3872E}.Debug|Any CPU.Build.0 = Debug|Any CPU
		{5A4CAD4D-D8A3-48D3-A296-C0A6ABD3872E}.Release|Any CPU.ActiveCfg = Release|Any CPU
		{5A4CAD4D-D8A3-48D3-A296-C0A6ABD3872E}.Release|Any CPU.Build.0 = Release|Any CPU
		{25959771-ACF5-4AFF-B79F-137D61D58977}.Debug|Any CPU.ActiveCfg = Debug|Any CPU
		{25959771-ACF5-4AFF-B79F-137D61D58977}.Debug|Any CPU.Build.0 = Debug|Any CPU
		{25959771-ACF5-4AFF-B79F-137D61D58977}.Release|Any CPU.ActiveCfg = Release|Any CPU
		{25959771-ACF5-4AFF-B79F-137D61D58977}.Release|Any CPU.Build.0 = Release|Any CPU
		{DF6610C6-B562-4741-A436-517F894DCBE6}.Debug|Any CPU.ActiveCfg = Debug|Any CPU
		{DF6610C6-B562-4741-A436-517F894DCBE6}.Debug|Any CPU.Build.0 = Debug|Any CPU
		{DF6610C6-B562-4741-A436-517F894DCBE6}.Release|Any CPU.ActiveCfg = Release|Any CPU
		{DF6610C6-B562-4741-A436-517F894DCBE6}.Release|Any CPU.Build.0 = Release|Any CPU
		{EC3DEF95-FC0B-4312-A9A9-0A26ACD01B47}.Debug|Any CPU.ActiveCfg = Debug|Any CPU
		{EC3DEF95-FC0B-4312-A9A9-0A26ACD01B47}.Debug|Any CPU.Build.0 = Debug|Any CPU
		{EC3DEF95-FC0B-4312-A9A9-0A26ACD01B47}.Release|Any CPU.ActiveCfg = Release|Any CPU
		{EC3DEF95-FC0B-4312-A9A9-0A26ACD01B47}.Release|Any CPU.Build.0 = Release|Any CPU
		{92647530-B92D-4B65-B53E-B35AF88DA34B}.Debug|Any CPU.ActiveCfg = Debug|Any CPU
		{92647530-B92D-4B65-B53E-B35AF88DA34B}.Debug|Any CPU.Build.0 = Debug|Any CPU
		{92647530-B92D-4B65-B53E-B35AF88DA34B}.Release|Any CPU.ActiveCfg = Release|Any CPU
		{92647530-B92D-4B65-B53E-B35AF88DA34B}.Release|Any CPU.Build.0 = Release|Any CPU
	EndGlobalSection
	GlobalSection(SolutionProperties) = preSolution
		HideSolutionNode = FALSE
	EndGlobalSection
	GlobalSection(NestedProjects) = preSolution
		{D95EC89D-B6A0-4835-8249-146983E5AEF0} = {D7B0BC2C-CCC1-48E9-8025-CD4E2632FF8C}
		{444E3A87-0761-4D67-985A-7962360A2EE6} = {D7B0BC2C-CCC1-48E9-8025-CD4E2632FF8C}
		{7A3D5BCB-3002-4B92-82C0-33C5BF1B75A8} = {D7B0BC2C-CCC1-48E9-8025-CD4E2632FF8C}
		{B424ECBF-E14C-4128-B362-4EEE70C5417A} = {D7B0BC2C-CCC1-48E9-8025-CD4E2632FF8C}
		{41ACF14B-E4E3-4AE6-A9F6-1BFF922B3562} = {D7B0BC2C-CCC1-48E9-8025-CD4E2632FF8C}
		{1F784602-0096-4CD5-8BB4-087D695A888A} = {D7B0BC2C-CCC1-48E9-8025-CD4E2632FF8C}
		{92C7C3AD-C552-4E0B-8D52-E2CAB7C66050} = {D7B0BC2C-CCC1-48E9-8025-CD4E2632FF8C}
		{414E0E06-6B63-4D86-B9E0-FAA2F21D74AE} = {D7B0BC2C-CCC1-48E9-8025-CD4E2632FF8C}
		{BAA288FF-8A06-4E28-8F23-F2305A52F394} = {D7B0BC2C-CCC1-48E9-8025-CD4E2632FF8C}
		{27D00582-C8F9-4DD2-A642-5ADBB9843DD2} = {D7B0BC2C-CCC1-48E9-8025-CD4E2632FF8C}
		{498DECFA-4B51-46EE-BB12-ADAB98693A69} = {D7B0BC2C-CCC1-48E9-8025-CD4E2632FF8C}
		{B8868D6D-51A9-4A29-8570-754969A3F421} = {D7B0BC2C-CCC1-48E9-8025-CD4E2632FF8C}
		{C6402AC1-C86C-4018-BB58-A78393077EB9} = {D7B0BC2C-CCC1-48E9-8025-CD4E2632FF8C}
		{39E93DAA-BBF8-4D59-8C2D-C09284FFAFFC} = {D7B0BC2C-CCC1-48E9-8025-CD4E2632FF8C}
		{C886E7C2-6E72-4906-A606-E71995C74AA8} = {D7B0BC2C-CCC1-48E9-8025-CD4E2632FF8C}
		{47D4FFFB-89C3-447F-9FC4-914219BBBC79} = {D7B0BC2C-CCC1-48E9-8025-CD4E2632FF8C}
		{893D74A1-A503-4FE1-882A-CABA47A66780} = {D7B0BC2C-CCC1-48E9-8025-CD4E2632FF8C}
		{5A4CAD4D-D8A3-48D3-A296-C0A6ABD3872E} = {D7B0BC2C-CCC1-48E9-8025-CD4E2632FF8C}
		{25959771-ACF5-4AFF-B79F-137D61D58977} = {D7B0BC2C-CCC1-48E9-8025-CD4E2632FF8C}
		{DF6610C6-B562-4741-A436-517F894DCBE6} = {D7B0BC2C-CCC1-48E9-8025-CD4E2632FF8C}
		{EC3DEF95-FC0B-4312-A9A9-0A26ACD01B47} = {D7B0BC2C-CCC1-48E9-8025-CD4E2632FF8C}
		{92647530-B92D-4B65-B53E-B35AF88DA34B} = {D7B0BC2C-CCC1-48E9-8025-CD4E2632FF8C}
	EndGlobalSection
	GlobalSection(ExtensibilityGlobals) = postSolution
		SolutionGuid = {B16926D6-3B1B-4B40-9225-A9261A0E28AD}
	EndGlobalSection
EndGlobal
