
Microsoft Visual Studio Solution File, Format Version 12.00
# Visual Studio Version 16
VisualStudioVersion = 16.0.28803.352
MinimumVisualStudioVersion = 10.0.40219.1
Project("{FAE04EC0-301F-11D3-BF4B-00C04F79EFBC}") = "ModMash", "ModMash\ModMash.csproj", "{B12B9BCA-7E2B-44BF-B9F9-1D157EE87C83}"
EndProject
Global
	GlobalSection(SolutionConfigurationPlatforms) = preSolution
		Debug|Any CPU = Debug|Any CPU
		Release|Any CPU = Release|Any CPU
	EndGlobalSection
	GlobalSection(ProjectConfigurationPlatforms) = postSolution
		{B12B9BCA-7E2B-44BF-B9F9-1D157EE87C83}.Debug|Any CPU.ActiveCfg = Debug|Any CPU
		{B12B9BCA-7E2B-44BF-B9F9-1D157EE87C83}.Debug|Any CPU.Build.0 = Debug|Any CPU
		{B12B9BCA-7E2B-44BF-B9F9-1D157EE87C83}.Release|Any CPU.ActiveCfg = Release|Any CPU
		{B12B9BCA-7E2B-44BF-B9F9-1D157EE87C83}.Release|Any CPU.Build.0 = Release|Any CPU
	EndGlobalSection
	GlobalSection(SolutionProperties) = preSolution
		HideSolutionNode = FALSE
	EndGlobalSection
	GlobalSection(ExtensibilityGlobals) = postSolution
		SolutionGuid = {B16926D6-3B1B-4B40-9225-A9261A0E28AD}
	EndGlobalSection
EndGlobal
